
Microsoft Visual Studio Solution File, Format Version 12.00
Project("{FAE04EC0-301F-11D3-BF4B-00C04F79EFBC}") = "Mahjong", "Mahjong\Mahjong.csproj", "{45D66DB7-6C98-4460-B5B3-F6DF0A916332}"
EndProject
Global
	GlobalSection(SolutionConfigurationPlatforms) = preSolution
		Debug|Any CPU = Debug|Any CPU
		Release|Any CPU = Release|Any CPU
	EndGlobalSection
	GlobalSection(ProjectConfigurationPlatforms) = postSolution
		{45D66DB7-6C98-4460-B5B3-F6DF0A916332}.Debug|Any CPU.ActiveCfg = Debug|Any CPU
		{45D66DB7-6C98-4460-B5B3-F6DF0A916332}.Debug|Any CPU.Build.0 = Debug|Any CPU
		{45D66DB7-6C98-4460-B5B3-F6DF0A916332}.Release|Any CPU.ActiveCfg = Release|Any CPU
		{45D66DB7-6C98-4460-B5B3-F6DF0A916332}.Release|Any CPU.Build.0 = Release|Any CPU
	EndGlobalSection
EndGlobal
